{
  "name": "my-button",
  "version": "1.0.0",
  "lockfileVersion": 2,
  "requires": true,
  "packages": {
    "": {
      "name": "my-button",
      "version": "1.0.0",
      "license": "MIT",
      "dependencies": {
        "lodash": "3.0"
      }
    },
    "node_modules/lodash": {
      "version": "3.0.1",
      "resolved": "https://registry.npmjs.org/lodash/-/lodash-3.0.1.tgz",
      "integrity": "sha1-FNSQKKOLx0AkHRHi7NV+wG1zwZo="
    }
  },
  "dependencies": {
    "lodash": {
      "version": "3.0.1",
      "resolved": "https://registry.npmjs.org/lodash/-/lodash-3.0.1.tgz",
      "integrity": "sha1-FNSQKKOLx0AkHRHi7NV+wG1zwZo="
    }
  }
}
