{
  "name": "my-form",
  "version": "1.0.0",
  "lockfileVersion": 2,
  "requires": true,
  "packages": {
    "": {
      "name": "my-form",
      "version": "1.0.0",
      "license": "MIT",
      "dependencies": {
        "lodash": "4.0"
      }
    },
    "node_modules/lodash": {
      "version": "4.0.1",
      "resolved": "https://registry.npmjs.org/lodash/-/lodash-4.0.1.tgz",
      "integrity": "sha1-zYyQLJ4D8uac4+DkVtUFq4nrmPQ="
    }
  },
  "dependencies": {
    "lodash": {
      "version": "4.0.1",
      "resolved": "https://registry.npmjs.org/lodash/-/lodash-4.0.1.tgz",
      "integrity": "sha1-zYyQLJ4D8uac4+DkVtUFq4nrmPQ="
    }
  }
}
